// !$*UTF8*$!
{
	archiveVersion = 1;
	classes = {
	};
	objectVersion = 55;
	objects = {

/* Begin PBXBuildFile section */
		34CF78A627E7C2F400D27D43 /* GifToImage.swift in Sources */ = {isa = PBXBuildFile; fileRef = 34CF78A527E7C2F400D27D43 /* GifToImage.swift */; };
		34CF79AD27E7D48B00D27D43 /* Constants.swift in Sources */ = {isa = PBXBuildFile; fileRef = 34CF79AC27E7D48B00D27D43 /* Constants.swift */; };
		34CF79AF27E7D61000D27D43 /* AppDelegate.swift in Sources */ = {isa = PBXBuildFile; fileRef = 34CF79AE27E7D61000D27D43 /* AppDelegate.swift */; };
		34CF79B127E7D63600D27D43 /* SceneDelegate.swift in Sources */ = {isa = PBXBuildFile; fileRef = 34CF79B027E7D63600D27D43 /* SceneDelegate.swift */; };
		34CF79B327E7D66600D27D43 /* ViewController.swift in Sources */ = {isa = PBXBuildFile; fileRef = 34CF79B227E7D66600D27D43 /* ViewController.swift */; };
		34CF79B827E7D76400D27D43 /* SpotifyiOS.xcframework in Frameworks */ = {isa = PBXBuildFile; fileRef = 34CF79B727E7D76400D27D43 /* SpotifyiOS.xcframework */; };
		34CF79B927E7D76400D27D43 /* SpotifyiOS.xcframework in Embed Frameworks */ = {isa = PBXBuildFile; fileRef = 34CF79B727E7D76400D27D43 /* SpotifyiOS.xcframework */; settings = {ATTRIBUTES = (CodeSignOnCopy, RemoveHeadersOnCopy, ); }; };
		34DCF59327DD9D0F0056094C /* Main.storyboard in Resources */ = {isa = PBXBuildFile; fileRef = 34DCF59127DD9D0F0056094C /* Main.storyboard */; };
		34DCF59527DD9D100056094C /* Assets.xcassets in Resources */ = {isa = PBXBuildFile; fileRef = 34DCF59427DD9D100056094C /* Assets.xcassets */; };
		34DCF59827DD9D100056094C /* LaunchScreen.storyboard in Resources */ = {isa = PBXBuildFile; fileRef = 34DCF59627DD9D100056094C /* LaunchScreen.storyboard */; };
		34F6EA7C27E818AF00EF486D /* shape.gif in Resources */ = {isa = PBXBuildFile; fileRef = 34F6EA7B27E818AF00EF486D /* shape.gif */; };
/* End PBXBuildFile section */

/* Begin PBXCopyFilesBuildPhase section */
		34CF79BA27E7D76400D27D43 /* Embed Frameworks */ = {
			isa = PBXCopyFilesBuildPhase;
			buildActionMask = 2147483647;
			dstPath = "";
			dstSubfolderSpec = 10;
			files = (
				34CF79B927E7D76400D27D43 /* SpotifyiOS.xcframework in Embed Frameworks */,
			);
			name = "Embed Frameworks";
			runOnlyForDeploymentPostprocessing = 0;
		};
/* End PBXCopyFilesBuildPhase section */

/* Begin PBXFileReference section */
		34CF78A527E7C2F400D27D43 /* GifToImage.swift */ = {isa = PBXFileReference; lastKnownFileType = sourcecode.swift; path = GifToImage.swift; sourceTree = "<group>"; };
		34CF79A827E7CF4900D27D43 /* SpotifyiOS.framework */ = {isa = PBXFileReference; lastKnownFileType = wrapper.framework; name = SpotifyiOS.framework; path = "../../Downloads/ios-sdk/SpotifyiOS.framework"; sourceTree = "<group>"; };
		34CF79AB27E7D26D00D27D43 /* BitThing-Bridging-Header.h */ = {isa = PBXFileReference; lastKnownFileType = sourcecode.c.h; path = "BitThing-Bridging-Header.h"; sourceTree = "<group>"; };
		34CF79AC27E7D48B00D27D43 /* Constants.swift */ = {isa = PBXFileReference; lastKnownFileType = sourcecode.swift; path = Constants.swift; sourceTree = "<group>"; };
		34CF79AE27E7D61000D27D43 /* AppDelegate.swift */ = {isa = PBXFileReference; lastKnownFileType = sourcecode.swift; path = AppDelegate.swift; sourceTree = "<group>"; };
		34CF79B027E7D63600D27D43 /* SceneDelegate.swift */ = {isa = PBXFileReference; lastKnownFileType = sourcecode.swift; path = SceneDelegate.swift; sourceTree = "<group>"; };
		34CF79B227E7D66600D27D43 /* ViewController.swift */ = {isa = PBXFileReference; lastKnownFileType = sourcecode.swift; path = ViewController.swift; sourceTree = "<group>"; };
		34CF79B727E7D76400D27D43 /* SpotifyiOS.xcframework */ = {isa = PBXFileReference; lastKnownFileType = wrapper.xcframework; name = SpotifyiOS.xcframework; path = "../../Downloads/ios-sdk/SpotifyiOS.xcframework"; sourceTree = "<group>"; };
		34DCF58827DD9D0F0056094C /* BitThing.app */ = {isa = PBXFileReference; explicitFileType = wrapper.application; includeInIndex = 0; path = BitThing.app; sourceTree = BUILT_PRODUCTS_DIR; };
		34DCF59227DD9D0F0056094C /* Base */ = {isa = PBXFileReference; lastKnownFileType = file.storyboard; name = Base; path = Base.lproj/Main.storyboard; sourceTree = "<group>"; };
		34DCF59427DD9D100056094C /* Assets.xcassets */ = {isa = PBXFileReference; lastKnownFileType = folder.assetcatalog; path = Assets.xcassets; sourceTree = "<group>"; };
		34DCF59727DD9D100056094C /* Base */ = {isa = PBXFileReference; lastKnownFileType = file.storyboard; name = Base; path = Base.lproj/LaunchScreen.storyboard; sourceTree = "<group>"; };
		34DCF59927DD9D100056094C /* Info.plist */ = {isa = PBXFileReference; lastKnownFileType = text.plist.xml; path = Info.plist; sourceTree = "<group>"; };
		34F6EA7B27E818AF00EF486D /* shape.gif */ = {isa = PBXFileReference; lastKnownFileType = image.gif; path = shape.gif; sourceTree = "<group>"; };
/* End PBXFileReference section */

/* Begin PBXFrameworksBuildPhase section */
		34DCF58527DD9D0F0056094C /* Frameworks */ = {
			isa = PBXFrameworksBuildPhase;
			buildActionMask = 2147483647;
			files = (
				34CF79B827E7D76400D27D43 /* SpotifyiOS.xcframework in Frameworks */,
			);
			runOnlyForDeploymentPostprocessing = 0;
		};
/* End PBXFrameworksBuildPhase section */

/* Begin PBXGroup section */
		34CF79A727E7CF4900D27D43 /* Frameworks */ = {
			isa = PBXGroup;
			children = (
				34CF79B727E7D76400D27D43 /* SpotifyiOS.xcframework */,
				34CF79A827E7CF4900D27D43 /* SpotifyiOS.framework */,
			);
			name = Frameworks;
			sourceTree = "<group>";
		};
		34DCF57F27DD9D0F0056094C = {
			isa = PBXGroup;
			children = (
				34CF79AB27E7D26D00D27D43 /* BitThing-Bridging-Header.h */,
				34DCF58A27DD9D0F0056094C /* BitThing */,
				34DCF58927DD9D0F0056094C /* Products */,
				34CF79A727E7CF4900D27D43 /* Frameworks */,
			);
			sourceTree = "<group>";
		};
		34DCF58927DD9D0F0056094C /* Products */ = {
			isa = PBXGroup;
			children = (
				34DCF58827DD9D0F0056094C /* BitThing.app */,
			);
			name = Products;
			sourceTree = "<group>";
		};
		34DCF58A27DD9D0F0056094C /* BitThing */ = {
			isa = PBXGroup;
			children = (
				34F6EA7B27E818AF00EF486D /* shape.gif */,
				34CF79AE27E7D61000D27D43 /* AppDelegate.swift */,
				34CF79AC27E7D48B00D27D43 /* Constants.swift */,
				34CF79B027E7D63600D27D43 /* SceneDelegate.swift */,
				34CF78A527E7C2F400D27D43 /* GifToImage.swift */,
				34CF79B227E7D66600D27D43 /* ViewController.swift */,
				34DCF59127DD9D0F0056094C /* Main.storyboard */,
				34DCF59627DD9D100056094C /* LaunchScreen.storyboard */,
				34DCF59427DD9D100056094C /* Assets.xcassets */,
				34DCF59927DD9D100056094C /* Info.plist */,
			);
			path = BitThing;
			sourceTree = "<group>";
		};
/* End PBXGroup section */

/* Begin PBXNativeTarget section */
		34DCF58727DD9D0F0056094C /* BitThing */ = {
			isa = PBXNativeTarget;
			buildConfigurationList = 34DCF59C27DD9D100056094C /* Build configuration list for PBXNativeTarget "BitThing" */;
			buildPhases = (
				34DCF58427DD9D0F0056094C /* Sources */,
				34DCF58527DD9D0F0056094C /* Frameworks */,
				34DCF58627DD9D0F0056094C /* Resources */,
				34CF79BA27E7D76400D27D43 /* Embed Frameworks */,
			);
			buildRules = (
			);
			dependencies = (
			);
			name = BitThing;
			productName = BitThing;
			productReference = 34DCF58827DD9D0F0056094C /* BitThing.app */;
			productType = "com.apple.product-type.application";
		};
/* End PBXNativeTarget section */

/* Begin PBXProject section */
		34DCF58027DD9D0F0056094C /* Project object */ = {
			isa = PBXProject;
			attributes = {
				BuildIndependentTargetsInParallel = 1;
				LastSwiftUpdateCheck = 1320;
				LastUpgradeCheck = 1320;
				TargetAttributes = {
					34DCF58727DD9D0F0056094C = {
						CreatedOnToolsVersion = 13.2.1;
					};
				};
			};
			buildConfigurationList = 34DCF58327DD9D0F0056094C /* Build configuration list for PBXProject "BitThing" */;
			compatibilityVersion = "Xcode 13.0";
			developmentRegion = en;
			hasScannedForEncodings = 0;
			knownRegions = (
				en,
				Base,
			);
			mainGroup = 34DCF57F27DD9D0F0056094C;
			productRefGroup = 34DCF58927DD9D0F0056094C /* Products */;
			projectDirPath = "";
			projectRoot = "";
			targets = (
				34DCF58727DD9D0F0056094C /* BitThing */,
			);
		};
/* End PBXProject section */

/* Begin PBXResourcesBuildPhase section */
		34DCF58627DD9D0F0056094C /* Resources */ = {
			isa = PBXResourcesBuildPhase;
			buildActionMask = 2147483647;
			files = (
				34F6EA7C27E818AF00EF486D /* shape.gif in Resources */,
				34DCF59827DD9D100056094C /* LaunchScreen.storyboard in Resources */,
				34DCF59527DD9D100056094C /* Assets.xcassets in Resources */,
				34DCF59327DD9D0F0056094C /* Main.storyboard in Resources */,
			);
			runOnlyForDeploymentPostprocessing = 0;
		};
/* End PBXResourcesBuildPhase section */

/* Begin PBXSourcesBuildPhase section */
		34DCF58427DD9D0F0056094C /* Sources */ = {
			isa = PBXSourcesBuildPhase;
			buildActionMask = 2147483647;
			files = (
				34CF79B327E7D66600D27D43 /* ViewController.swift in Sources */,
				34CF79AF27E7D61000D27D43 /* AppDelegate.swift in Sources */,
				34CF79AD27E7D48B00D27D43 /* Constants.swift in Sources */,
				34CF78A627E7C2F400D27D43 /* GifToImage.swift in Sources */,
				34CF79B127E7D63600D27D43 /* SceneDelegate.swift in Sources */,
			);
			runOnlyForDeploymentPostprocessing = 0;
		};
/* End PBXSourcesBuildPhase section */

/* Begin PBXVariantGroup section */
		34DCF59127DD9D0F0056094C /* Main.storyboard */ = {
			isa = PBXVariantGroup;
			children = (
				34DCF59227DD9D0F0056094C /* Base */,
			);
			name = Main.storyboard;
			sourceTree = "<group>";
		};
		34DCF59627DD9D100056094C /* LaunchScreen.storyboard */ = {
			isa = PBXVariantGroup;
			children = (
				34DCF59727DD9D100056094C /* Base */,
			);
			name = LaunchScreen.storyboard;
			sourceTree = "<group>";
		};
/* End PBXVariantGroup section */

/* Begin XCBuildConfiguration section */
		34DCF59A27DD9D100056094C /* Debug */ = {
			isa = XCBuildConfiguration;
			buildSettings = {
				ALWAYS_SEARCH_USER_PATHS = NO;
				CLANG_ANALYZER_NONNULL = YES;
				CLANG_ANALYZER_NUMBER_OBJECT_CONVERSION = YES_AGGRESSIVE;
				CLANG_CXX_LANGUAGE_STANDARD = "gnu++17";
				CLANG_CXX_LIBRARY = "libc++";
				CLANG_ENABLE_MODULES = YES;
				CLANG_ENABLE_OBJC_ARC = YES;
				CLANG_ENABLE_OBJC_WEAK = YES;
				CLANG_WARN_BLOCK_CAPTURE_AUTORELEASING = YES;
				CLANG_WARN_BOOL_CONVERSION = YES;
				CLANG_WARN_COMMA = YES;
				CLANG_WARN_CONSTANT_CONVERSION = YES;
				CLANG_WARN_DEPRECATED_OBJC_IMPLEMENTATIONS = YES;
				CLANG_WARN_DIRECT_OBJC_ISA_USAGE = YES_ERROR;
				CLANG_WARN_DOCUMENTATION_COMMENTS = YES;
				CLANG_WARN_EMPTY_BODY = YES;
				CLANG_WARN_ENUM_CONVERSION = YES;
				CLANG_WARN_INFINITE_RECURSION = YES;
				CLANG_WARN_INT_CONVERSION = YES;
				CLANG_WARN_NON_LITERAL_NULL_CONVERSION = YES;
				CLANG_WARN_OBJC_IMPLICIT_RETAIN_SELF = YES;
				CLANG_WARN_OBJC_LITERAL_CONVERSION = YES;
				CLANG_WARN_OBJC_ROOT_CLASS = YES_ERROR;
				CLANG_WARN_QUOTED_INCLUDE_IN_FRAMEWORK_HEADER = YES;
				CLANG_WARN_RANGE_LOOP_ANALYSIS = YES;
				CLANG_WARN_STRICT_PROTOTYPES = YES;
				CLANG_WARN_SUSPICIOUS_MOVE = YES;
				CLANG_WARN_UNGUARDED_AVAILABILITY = YES_AGGRESSIVE;
				CLANG_WARN_UNREACHABLE_CODE = YES;
				CLANG_WARN__DUPLICATE_METHOD_MATCH = YES;
				COPY_PHASE_STRIP = NO;
				DEBUG_INFORMATION_FORMAT = dwarf;
				ENABLE_STRICT_OBJC_MSGSEND = YES;
				ENABLE_TESTABILITY = YES;
				GCC_C_LANGUAGE_STANDARD = gnu11;
				GCC_DYNAMIC_NO_PIC = NO;
				GCC_NO_COMMON_BLOCKS = YES;
				GCC_OPTIMIZATION_LEVEL = 0;
				GCC_PREPROCESSOR_DEFINITIONS = (
					"DEBUG=1",
					"$(inherited)",
				);
				GCC_WARN_64_TO_32_BIT_CONVERSION = YES;
				GCC_WARN_ABOUT_RETURN_TYPE = YES_ERROR;
				GCC_WARN_UNDECLARED_SELECTOR = YES;
				GCC_WARN_UNINITIALIZED_AUTOS = YES_AGGRESSIVE;
				GCC_WARN_UNUSED_FUNCTION = YES;
				GCC_WARN_UNUSED_VARIABLE = YES;
				IPHONEOS_DEPLOYMENT_TARGET = 15.2;
				MTL_ENABLE_DEBUG_INFO = INCLUDE_SOURCE;
				MTL_FAST_MATH = YES;
				ONLY_ACTIVE_ARCH = YES;
				SDKROOT = iphoneos;
				SWIFT_ACTIVE_COMPILATION_CONDITIONS = DEBUG;
				SWIFT_OPTIMIZATION_LEVEL = "-Onone";
			};
			name = Debug;
		};
		34DCF59B27DD9D100056094C /* Release */ = {
			isa = XCBuildConfiguration;
			buildSettings = {
				ALWAYS_SEARCH_USER_PATHS = NO;
				CLANG_ANALYZER_NONNULL = YES;
				CLANG_ANALYZER_NUMBER_OBJECT_CONVERSION = YES_AGGRESSIVE;
				CLANG_CXX_LANGUAGE_STANDARD = "gnu++17";
				CLANG_CXX_LIBRARY = "libc++";
				CLANG_ENABLE_MODULES = YES;
				CLANG_ENABLE_OBJC_ARC = YES;
				CLANG_ENABLE_OBJC_WEAK = YES;
				CLANG_WARN_BLOCK_CAPTURE_AUTORELEASING = YES;
				CLANG_WARN_BOOL_CONVERSION = YES;
				CLANG_WARN_COMMA = YES;
				CLANG_WARN_CONSTANT_CONVERSION = YES;
				CLANG_WARN_DEPRECATED_OBJC_IMPLEMENTATIONS = YES;
				CLANG_WARN_DIRECT_OBJC_ISA_USAGE = YES_ERROR;
				CLANG_WARN_DOCUMENTATION_COMMENTS = YES;
				CLANG_WARN_EMPTY_BODY = YES;
				CLANG_WARN_ENUM_CONVERSION = YES;
				CLANG_WARN_INFINITE_RECURSION = YES;
				CLANG_WARN_INT_CONVERSION = YES;
				CLANG_WARN_NON_LITERAL_NULL_CONVERSION = YES;
				CLANG_WARN_OBJC_IMPLICIT_RETAIN_SELF = YES;
				CLANG_WARN_OBJC_LITERAL_CONVERSION = YES;
				CLANG_WARN_OBJC_ROOT_CLASS = YES_ERROR;
				CLANG_WARN_QUOTED_INCLUDE_IN_FRAMEWORK_HEADER = YES;
				CLANG_WARN_RANGE_LOOP_ANALYSIS = YES;
				CLANG_WARN_STRICT_PROTOTYPES = YES;
				CLANG_WARN_SUSPICIOUS_MOVE = YES;
				CLANG_WARN_UNGUARDED_AVAILABILITY = YES_AGGRESSIVE;
				CLANG_WARN_UNREACHABLE_CODE = YES;
				CLANG_WARN__DUPLICATE_METHOD_MATCH = YES;
				COPY_PHASE_STRIP = NO;
				DEBUG_INFORMATION_FORMAT = "dwarf-with-dsym";
				ENABLE_NS_ASSERTIONS = NO;
				ENABLE_STRICT_OBJC_MSGSEND = YES;
				GCC_C_LANGUAGE_STANDARD = gnu11;
				GCC_NO_COMMON_BLOCKS = YES;
				GCC_WARN_64_TO_32_BIT_CONVERSION = YES;
				GCC_WARN_ABOUT_RETURN_TYPE = YES_ERROR;
				GCC_WARN_UNDECLARED_SELECTOR = YES;
				GCC_WARN_UNINITIALIZED_AUTOS = YES_AGGRESSIVE;
				GCC_WARN_UNUSED_FUNCTION = YES;
				GCC_WARN_UNUSED_VARIABLE = YES;
				IPHONEOS_DEPLOYMENT_TARGET = 15.2;
				MTL_ENABLE_DEBUG_INFO = NO;
				MTL_FAST_MATH = YES;
				SDKROOT = iphoneos;
				SWIFT_COMPILATION_MODE = wholemodule;
				SWIFT_OPTIMIZATION_LEVEL = "-O";
				VALIDATE_PRODUCT = YES;
			};
			name = Release;
		};
		34DCF59D27DD9D100056094C /* Debug */ = {
			isa = XCBuildConfiguration;
			buildSettings = {
				ASSETCATALOG_COMPILER_APPICON_NAME = AppIcon;
				ASSETCATALOG_COMPILER_GLOBAL_ACCENT_COLOR_NAME = AccentColor;
				CODE_SIGN_STYLE = Automatic;
				CURRENT_PROJECT_VERSION = 1;
				DEVELOPMENT_TEAM = T5V587BPQM;
				GENERATE_INFOPLIST_FILE = YES;
				INFOPLIST_FILE = BitThing/Info.plist;
				INFOPLIST_KEY_UIApplicationSupportsIndirectInputEvents = YES;
				INFOPLIST_KEY_UILaunchStoryboardName = LaunchScreen;
				INFOPLIST_KEY_UIMainStoryboardFile = Main;
				INFOPLIST_KEY_UISupportedInterfaceOrientations_iPad = "UIInterfaceOrientationPortrait UIInterfaceOrientationPortraitUpsideDown UIInterfaceOrientationLandscapeLeft UIInterfaceOrientationLandscapeRight";
				INFOPLIST_KEY_UISupportedInterfaceOrientations_iPhone = "UIInterfaceOrientationPortrait UIInterfaceOrientationLandscapeLeft UIInterfaceOrientationLandscapeRight";
				IPHONEOS_DEPLOYMENT_TARGET = 15.4;
				LD_RUNPATH_SEARCH_PATHS = (
					"$(inherited)",
					"@executable_path/Frameworks",
				);
				MARKETING_VERSION = 1.0;
				OTHER_LDFLAGS = "-ObjC";
				PRODUCT_BUNDLE_IDENTIFIER = com.matthewfernst.BitThing;
				PRODUCT_NAME = "$(TARGET_NAME)";
				SWIFT_EMIT_LOC_STRINGS = YES;
				SWIFT_OBJC_BRIDGING_HEADER = "/Users/matthew/Projects/BitThing/BitThing-Bridging-Header.h";
				SWIFT_VERSION = 5.0;
				TARGETED_DEVICE_FAMILY = 1;
			};
			name = Debug;
		};
		34DCF59E27DD9D100056094C /* Release */ = {
			isa = XCBuildConfiguration;
			buildSettings = {
				ASSETCATALOG_COMPILER_APPICON_NAME = AppIcon;
				ASSETCATALOG_COMPILER_GLOBAL_ACCENT_COLOR_NAME = AccentColor;
				CODE_SIGN_STYLE = Automatic;
				CURRENT_PROJECT_VERSION = 1;
				DEVELOPMENT_TEAM = T5V587BPQM;
				GENERATE_INFOPLIST_FILE = YES;
				INFOPLIST_FILE = BitThing/Info.plist;
				INFOPLIST_KEY_UIApplicationSupportsIndirectInputEvents = YES;
				INFOPLIST_KEY_UILaunchStoryboardName = LaunchScreen;
				INFOPLIST_KEY_UIMainStoryboardFile = Main;
				INFOPLIST_KEY_UISupportedInterfaceOrientations_iPad = "UIInterfaceOrientationPortrait UIInterfaceOrientationPortraitUpsideDown UIInterfaceOrientationLandscapeLeft UIInterfaceOrientationLandscapeRight";
				INFOPLIST_KEY_UISupportedInterfaceOrientations_iPhone = "UIInterfaceOrientationPortrait UIInterfaceOrientationLandscapeLeft UIInterfaceOrientationLandscapeRight";
				IPHONEOS_DEPLOYMENT_TARGET = 15.4;
				LD_RUNPATH_SEARCH_PATHS = (
					"$(inherited)",
					"@executable_path/Frameworks",
				);
				MARKETING_VERSION = 1.0;
				OTHER_LDFLAGS = "-ObjC";
				PRODUCT_BUNDLE_IDENTIFIER = com.matthewfernst.BitThing;
				PRODUCT_NAME = "$(TARGET_NAME)";
				SWIFT_EMIT_LOC_STRINGS = YES;
				SWIFT_OBJC_BRIDGING_HEADER = "/Users/matthew/Projects/BitThing/BitThing-Bridging-Header.h";
				SWIFT_VERSION = 5.0;
				TARGETED_DEVICE_FAMILY = 1;
			};
			name = Release;
		};
/* End XCBuildConfiguration section */

/* Begin XCConfigurationList section */
		34DCF58327DD9D0F0056094C /* Build configuration list for PBXProject "BitThing" */ = {
			isa = XCConfigurationList;
			buildConfigurations = (
				34DCF59A27DD9D100056094C /* Debug */,
				34DCF59B27DD9D100056094C /* Release */,
			);
			defaultConfigurationIsVisible = 0;
			defaultConfigurationName = Release;
		};
		34DCF59C27DD9D100056094C /* Build configuration list for PBXNativeTarget "BitThing" */ = {
			isa = XCConfigurationList;
			buildConfigurations = (
				34DCF59D27DD9D100056094C /* Debug */,
				34DCF59E27DD9D100056094C /* Release */,
			);
			defaultConfigurationIsVisible = 0;
			defaultConfigurationName = Release;
		};
/* End XCConfigurationList section */
	};
	rootObject = 34DCF58027DD9D0F0056094C /* Project object */;
}
